
Microsoft Visual Studio Solution File, Format Version 12.00
# Visual Studio Version 17
VisualStudioVersion = 17.7.34031.279
MinimumVisualStudioVersion = 10.0.40219.1
Project("{FAE04EC0-301F-11D3-BF4B-00C04F79EFBC}") = "RotaProject", "RotaProject\RotaProject.csproj", "{B79DE1A8-5985-4DA2-A28E-0D84B8F09416}"
EndProject
Global
	GlobalSection(SolutionConfigurationPlatforms) = preSolution
		Debug|Any CPU = Debug|Any CPU
		Release|Any CPU = Release|Any CPU
	EndGlobalSection
	GlobalSection(ProjectConfigurationPlatforms) = postSolution
		{B79DE1A8-5985-4DA2-A28E-0D84B8F09416}.Debug|Any CPU.ActiveCfg = Debug|Any CPU
		{B79DE1A8-5985-4DA2-A28E-0D84B8F09416}.Debug|Any CPU.Build.0 = Debug|Any CPU
		{B79DE1A8-5985-4DA2-A28E-0D84B8F09416}.Release|Any CPU.ActiveCfg = Release|Any CPU
		{B79DE1A8-5985-4DA2-A28E-0D84B8F09416}.Release|Any CPU.Build.0 = Release|Any CPU
	EndGlobalSection
	GlobalSection(SolutionProperties) = preSolution
		HideSolutionNode = FALSE
	EndGlobalSection
	GlobalSection(ExtensibilityGlobals) = postSolution
		SolutionGuid = {C67B91B5-F3CD-4B1A-AE25-1F9DD8624D32}
	EndGlobalSection
EndGlobal
